
Microsoft Visual Studio Solution File, Format Version 12.00
# Visual Studio Version 17
VisualStudioVersion = 17.0.31903.59
MinimumVisualStudioVersion = 10.0.40219.1
Project("{FAE04EC0-301F-11D3-BF4B-00C04F79EFBC}") = "Fina.Api", "Fina.Api\Fina.Api.csproj", "{96E5683E-C3E6-40C6-BB05-604A459B84D8}"
EndProject
Project("{FAE04EC0-301F-11D3-BF4B-00C04F79EFBC}") = "Fina.Core", "Fina.Core\Fina.Core.csproj", "{937AA131-AFD8-4594-B5AA-FA950E90234F}"
EndProject
Project("{FAE04EC0-301F-11D3-BF4B-00C04F79EFBC}") = "Fina.Web", "Fina.Web\Fina.Web.csproj", "{FD847B23-3649-4790-95F9-1474196BC351}"
EndProject
Global
	GlobalSection(SolutionConfigurationPlatforms) = preSolution
		Debug|Any CPU = Debug|Any CPU
		Release|Any CPU = Release|Any CPU
	EndGlobalSection
	GlobalSection(SolutionProperties) = preSolution
		HideSolutionNode = FALSE
	EndGlobalSection
	GlobalSection(ProjectConfigurationPlatforms) = postSolution
		{96E5683E-C3E6-40C6-BB05-604A459B84D8}.Debug|Any CPU.ActiveCfg = Debug|Any CPU
		{96E5683E-C3E6-40C6-BB05-604A459B84D8}.Debug|Any CPU.Build.0 = Debug|Any CPU
		{96E5683E-C3E6-40C6-BB05-604A459B84D8}.Release|Any CPU.ActiveCfg = Release|Any CPU
		{96E5683E-C3E6-40C6-BB05-604A459B84D8}.Release|Any CPU.Build.0 = Release|Any CPU
		{937AA131-AFD8-4594-B5AA-FA950E90234F}.Debug|Any CPU.ActiveCfg = Debug|Any CPU
		{937AA131-AFD8-4594-B5AA-FA950E90234F}.Debug|Any CPU.Build.0 = Debug|Any CPU
		{937AA131-AFD8-4594-B5AA-FA950E90234F}.Release|Any CPU.ActiveCfg = Release|Any CPU
		{937AA131-AFD8-4594-B5AA-FA950E90234F}.Release|Any CPU.Build.0 = Release|Any CPU
		{FD847B23-3649-4790-95F9-1474196BC351}.Debug|Any CPU.ActiveCfg = Debug|Any CPU
		{FD847B23-3649-4790-95F9-1474196BC351}.Debug|Any CPU.Build.0 = Debug|Any CPU
		{FD847B23-3649-4790-95F9-1474196BC351}.Release|Any CPU.ActiveCfg = Release|Any CPU
		{FD847B23-3649-4790-95F9-1474196BC351}.Release|Any CPU.Build.0 = Release|Any CPU
	EndGlobalSection
EndGlobal
